
Microsoft Visual Studio Solution File, Format Version 12.00
# Visual Studio 15
VisualStudioVersion = 15.0.26730.10
MinimumVisualStudioVersion = 10.0.40219.1
Project("{FAE04EC0-301F-11D3-BF4B-00C04F79EFBC}") = "Apex.Core", "Apex.Core\Apex.Core.csproj", "{82B4C61B-23C5-413F-9359-2ED27C14AC37}"
EndProject
Project("{FAE04EC0-301F-11D3-BF4B-00C04F79EFBC}") = "Apex.Data", "Apex.Data\Apex.Data.csproj", "{31505BA7-6739-4E51-9D9D-48298FB309CB}"
EndProject
Project("{FAE04EC0-301F-11D3-BF4B-00C04F79EFBC}") = "Apex.Services", "Apex.Services\Apex.Services.csproj", "{EA93FDBC-F6BD-4BAC-80AD-DCF41984D220}"
EndProject
Project("{FAE04EC0-301F-11D3-BF4B-00C04F79EFBC}") = "Apex.Websites", "Apex.Websites\Apex.Websites.csproj", "{563E6057-4540-4B0F-B695-F2CCAD2A7459}"
EndProject
Global
	GlobalSection(SolutionConfigurationPlatforms) = preSolution
		Debug|Any CPU = Debug|Any CPU
		Release|Any CPU = Release|Any CPU
	EndGlobalSection
	GlobalSection(ProjectConfigurationPlatforms) = postSolution
		{82B4C61B-23C5-413F-9359-2ED27C14AC37}.Debug|Any CPU.ActiveCfg = Debug|Any CPU
		{82B4C61B-23C5-413F-9359-2ED27C14AC37}.Debug|Any CPU.Build.0 = Debug|Any CPU
		{82B4C61B-23C5-413F-9359-2ED27C14AC37}.Release|Any CPU.ActiveCfg = Release|Any CPU
		{82B4C61B-23C5-413F-9359-2ED27C14AC37}.Release|Any CPU.Build.0 = Release|Any CPU
		{31505BA7-6739-4E51-9D9D-48298FB309CB}.Debug|Any CPU.ActiveCfg = Debug|Any CPU
		{31505BA7-6739-4E51-9D9D-48298FB309CB}.Debug|Any CPU.Build.0 = Debug|Any CPU
		{31505BA7-6739-4E51-9D9D-48298FB309CB}.Release|Any CPU.ActiveCfg = Release|Any CPU
		{31505BA7-6739-4E51-9D9D-48298FB309CB}.Release|Any CPU.Build.0 = Release|Any CPU
		{EA93FDBC-F6BD-4BAC-80AD-DCF41984D220}.Debug|Any CPU.ActiveCfg = Debug|Any CPU
		{EA93FDBC-F6BD-4BAC-80AD-DCF41984D220}.Debug|Any CPU.Build.0 = Debug|Any CPU
		{EA93FDBC-F6BD-4BAC-80AD-DCF41984D220}.Release|Any CPU.ActiveCfg = Release|Any CPU
		{EA93FDBC-F6BD-4BAC-80AD-DCF41984D220}.Release|Any CPU.Build.0 = Release|Any CPU
		{563E6057-4540-4B0F-B695-F2CCAD2A7459}.Debug|Any CPU.ActiveCfg = Debug|Any CPU
		{563E6057-4540-4B0F-B695-F2CCAD2A7459}.Debug|Any CPU.Build.0 = Debug|Any CPU
		{563E6057-4540-4B0F-B695-F2CCAD2A7459}.Release|Any CPU.ActiveCfg = Release|Any CPU
		{563E6057-4540-4B0F-B695-F2CCAD2A7459}.Release|Any CPU.Build.0 = Release|Any CPU
	EndGlobalSection
	GlobalSection(SolutionProperties) = preSolution
		HideSolutionNode = FALSE
	EndGlobalSection
	GlobalSection(ExtensibilityGlobals) = postSolution
		SolutionGuid = {623102E4-5316-4AEA-95D8-3918E06D8F48}
	EndGlobalSection
EndGlobal
